
Microsoft Visual Studio Solution File, Format Version 12.00
# Visual Studio Version 17
VisualStudioVersion = 17.13.35507.96 d17.13
MinimumVisualStudioVersion = 10.0.40219.1
Project("{FAE04EC0-301F-11D3-BF4B-00C04F79EFBC}") = "CL.WebApi", "CL.WebApi\CL.WebApi.csproj", "{CDEE9628-AFF7-4057-B054-97CA9BEDEA1C}"
EndProject
Project("{2150E333-8FDC-42A3-9474-1A3956D46DE8}") = "01.CL.WebApi", "01.CL.WebApi", "{02EA681E-C7D8-13C7-8484-4AC65E1B71E8}"
EndProject
Project("{2150E333-8FDC-42A3-9474-1A3956D46DE8}") = "02.CL.Manager", "02.CL.Manager", "{02EA681E-C7D8-13C7-8484-4AC65E1B71E8}"
EndProject
Project("{2150E333-8FDC-42A3-9474-1A3956D46DE8}") = "03.CL.Data", "03.CL.Data", "{02EA681E-C7D8-13C7-8484-4AC65E1B71E8}"
EndProject
Project("{2150E333-8FDC-42A3-9474-1A3956D46DE8}") = "04.CL.Core", "04.CL.Core", "{02EA681E-C7D8-13C7-8484-4AC65E1B71E8}"
EndProject
Project("{2150E333-8FDC-42A3-9474-1A3956D46DE8}") = "05.CL.Tests", "05.CL.Tests", "{02EA681E-C7D8-13C7-8484-4AC65E1B71E8}"
EndProject
Project("{FAE04EC0-301F-11D3-BF4B-00C04F79EFBC}") = "CL.Manager", "CL.Manager\CL.Manager.csproj", "{6D9A2BAF-8A1B-4C77-A24C-DB26495A67A6}"
EndProject
Project("{FAE04EC0-301F-11D3-BF4B-00C04F79EFBC}") = "CL.Data", "CL.Data\CL.Data.csproj", "{658360E2-EF55-476C-95F5-77DEA412E203}"
EndProject
Project("{FAE04EC0-301F-11D3-BF4B-00C04F79EFBC}") = "CL.Core", "CL.Core\CL.Core.csproj", "{D8EAF8F3-CF0A-4C6B-8C8E-CF558F9BDB7F}"
EndProject
Project("{FAE04EC0-301F-11D3-BF4B-00C04F79EFBC}") = "CL.Tests", "CL.Tests\CL.Tests.csproj", "{8716DF96-5E2F-4FD8-86F7-7274DDE7FE1F}"
EndProject
Global
	GlobalSection(SolutionConfigurationPlatforms) = preSolution
		Debug|Any CPU = Debug|Any CPU
		Release|Any CPU = Release|Any CPU
	EndGlobalSection
	GlobalSection(ProjectConfigurationPlatforms) = postSolution
		{CDEE9628-AFF7-4057-B054-97CA9BEDEA1C}.Debug|Any CPU.ActiveCfg = Debug|Any CPU
		{CDEE9628-AFF7-4057-B054-97CA9BEDEA1C}.Debug|Any CPU.Build.0 = Debug|Any CPU
		{CDEE9628-AFF7-4057-B054-97CA9BEDEA1C}.Release|Any CPU.ActiveCfg = Release|Any CPU
		{CDEE9628-AFF7-4057-B054-97CA9BEDEA1C}.Release|Any CPU.Build.0 = Release|Any CPU
		{6D9A2BAF-8A1B-4C77-A24C-DB26495A67A6}.Debug|Any CPU.ActiveCfg = Debug|Any CPU
		{6D9A2BAF-8A1B-4C77-A24C-DB26495A67A6}.Debug|Any CPU.Build.0 = Debug|Any CPU
		{6D9A2BAF-8A1B-4C77-A24C-DB26495A67A6}.Release|Any CPU.ActiveCfg = Release|Any CPU
		{6D9A2BAF-8A1B-4C77-A24C-DB26495A67A6}.Release|Any CPU.Build.0 = Release|Any CPU
		{658360E2-EF55-476C-95F5-77DEA412E203}.Debug|Any CPU.ActiveCfg = Debug|Any CPU
		{658360E2-EF55-476C-95F5-77DEA412E203}.Debug|Any CPU.Build.0 = Debug|Any CPU
		{658360E2-EF55-476C-95F5-77DEA412E203}.Release|Any CPU.ActiveCfg = Release|Any CPU
		{658360E2-EF55-476C-95F5-77DEA412E203}.Release|Any CPU.Build.0 = Release|Any CPU
		{D8EAF8F3-CF0A-4C6B-8C8E-CF558F9BDB7F}.Debug|Any CPU.ActiveCfg = Debug|Any CPU
		{D8EAF8F3-CF0A-4C6B-8C8E-CF558F9BDB7F}.Debug|Any CPU.Build.0 = Debug|Any CPU
		{D8EAF8F3-CF0A-4C6B-8C8E-CF558F9BDB7F}.Release|Any CPU.ActiveCfg = Release|Any CPU
		{D8EAF8F3-CF0A-4C6B-8C8E-CF558F9BDB7F}.Release|Any CPU.Build.0 = Release|Any CPU
		{8716DF96-5E2F-4FD8-86F7-7274DDE7FE1F}.Debug|Any CPU.ActiveCfg = Debug|Any CPU
		{8716DF96-5E2F-4FD8-86F7-7274DDE7FE1F}.Debug|Any CPU.Build.0 = Debug|Any CPU
		{8716DF96-5E2F-4FD8-86F7-7274DDE7FE1F}.Release|Any CPU.ActiveCfg = Release|Any CPU
		{8716DF96-5E2F-4FD8-86F7-7274DDE7FE1F}.Release|Any CPU.Build.0 = Release|Any CPU
	EndGlobalSection
	GlobalSection(SolutionProperties) = preSolution
		HideSolutionNode = FALSE
	EndGlobalSection
	GlobalSection(NestedProjects) = preSolution
		{CDEE9628-AFF7-4057-B054-97CA9BEDEA1C} = {02EA681E-C7D8-13C7-8484-4AC65E1B71E8}
		{6D9A2BAF-8A1B-4C77-A24C-DB26495A67A6} = {02EA681E-C7D8-13C7-8484-4AC65E1B71E8}
		{658360E2-EF55-476C-95F5-77DEA412E203} = {02EA681E-C7D8-13C7-8484-4AC65E1B71E8}
		{D8EAF8F3-CF0A-4C6B-8C8E-CF558F9BDB7F} = {02EA681E-C7D8-13C7-8484-4AC65E1B71E8}
		{8716DF96-5E2F-4FD8-86F7-7274DDE7FE1F} = {02EA681E-C7D8-13C7-8484-4AC65E1B71E8}
	EndGlobalSection
	GlobalSection(ExtensibilityGlobals) = postSolution
		SolutionGuid = {A86F0871-F3B2-4570-BD1E-9C1C008271D8}
	EndGlobalSection
EndGlobal
